
Microsoft Visual Studio Solution File, Format Version 12.00
# Visual Studio Version 17
VisualStudioVersion = 17.10.35004.147
MinimumVisualStudioVersion = 10.0.40219.1
Project("{8BC9CEB8-8B4A-11D0-8D11-00A0C91BC942}") = "Shape2", "Shape2\Shape2.vcxproj", "{91A0FB86-31D0-4252-8A49-50D970B4B735}"
EndProject
Global
	GlobalSection(SolutionConfigurationPlatforms) = preSolution
		Debug|x64 = Debug|x64
		Debug|x86 = Debug|x86
		Release|x64 = Release|x64
		Release|x86 = Release|x86
	EndGlobalSection
	GlobalSection(ProjectConfigurationPlatforms) = postSolution
		{91A0FB86-31D0-4252-8A49-50D970B4B735}.Debug|x64.ActiveCfg = Debug|x64
		{91A0FB86-31D0-4252-8A49-50D970B4B735}.Debug|x64.Build.0 = Debug|x64
		{91A0FB86-31D0-4252-8A49-50D970B4B735}.Debug|x86.ActiveCfg = Debug|Win32
		{91A0FB86-31D0-4252-8A49-50D970B4B735}.Debug|x86.Build.0 = Debug|Win32
		{91A0FB86-31D0-4252-8A49-50D970B4B735}.Release|x64.ActiveCfg = Release|x64
		{91A0FB86-31D0-4252-8A49-50D970B4B735}.Release|x64.Build.0 = Release|x64
		{91A0FB86-31D0-4252-8A49-50D970B4B735}.Release|x86.ActiveCfg = Release|Win32
		{91A0FB86-31D0-4252-8A49-50D970B4B735}.Release|x86.Build.0 = Release|Win32
	EndGlobalSection
	GlobalSection(SolutionProperties) = preSolution
		HideSolutionNode = FALSE
	EndGlobalSection
	GlobalSection(ExtensibilityGlobals) = postSolution
		SolutionGuid = {3FFD6A0A-BF1C-4747-86A1-92AFABDFE273}
	EndGlobalSection
EndGlobal
